
Microsoft Visual Studio Solution File, Format Version 12.00
# Visual Studio Version 17
VisualStudioVersion = 17.5.33502.453
MinimumVisualStudioVersion = 10.0.40219.1
Project("{FAE04EC0-301F-11D3-BF4B-00C04F79EFBC}") = "labs_Tysachiuk", "labs_Tysachiuk.csproj", "{823485AD-CD82-4908-8EDA-4C6C4F75AF2D}"
EndProject
Global
	GlobalSection(SolutionConfigurationPlatforms) = preSolution
		Debug|Any CPU = Debug|Any CPU
		Release|Any CPU = Release|Any CPU
	EndGlobalSection
	GlobalSection(ProjectConfigurationPlatforms) = postSolution
		{823485AD-CD82-4908-8EDA-4C6C4F75AF2D}.Debug|Any CPU.ActiveCfg = Debug|Any CPU
		{823485AD-CD82-4908-8EDA-4C6C4F75AF2D}.Debug|Any CPU.Build.0 = Debug|Any CPU
		{823485AD-CD82-4908-8EDA-4C6C4F75AF2D}.Release|Any CPU.ActiveCfg = Release|Any CPU
		{823485AD-CD82-4908-8EDA-4C6C4F75AF2D}.Release|Any CPU.Build.0 = Release|Any CPU
	EndGlobalSection
	GlobalSection(SolutionProperties) = preSolution
		HideSolutionNode = FALSE
	EndGlobalSection
	GlobalSection(ExtensibilityGlobals) = postSolution
		SolutionGuid = {A4EB471E-29C2-4B6F-82B9-0FACCC7D551F}
	EndGlobalSection
EndGlobal
